
Microsoft Visual Studio Solution File, Format Version 12.00
# Visual Studio Version 17
VisualStudioVersion = 17.5.002.0
MinimumVisualStudioVersion = 10.0.40219.1
Project("{9A19103F-16F7-4668-BE54-9A1E7A4F7556}") = "VulnerableBlazorApp", "VulnerableBlazorApp.csproj", "{E2046EC1-53C7-4E60-9FE6-6539D84AB73A}"
EndProject
Global
	GlobalSection(SolutionConfigurationPlatforms) = preSolution
		Debug|Any CPU = Debug|Any CPU
		Release|Any CPU = Release|Any CPU
	EndGlobalSection
	GlobalSection(ProjectConfigurationPlatforms) = postSolution
		{E2046EC1-53C7-4E60-9FE6-6539D84AB73A}.Debug|Any CPU.ActiveCfg = Debug|Any CPU
		{E2046EC1-53C7-4E60-9FE6-6539D84AB73A}.Debug|Any CPU.Build.0 = Debug|Any CPU
		{E2046EC1-53C7-4E60-9FE6-6539D84AB73A}.Release|Any CPU.ActiveCfg = Release|Any CPU
		{E2046EC1-53C7-4E60-9FE6-6539D84AB73A}.Release|Any CPU.Build.0 = Release|Any CPU
	EndGlobalSection
	GlobalSection(SolutionProperties) = preSolution
		HideSolutionNode = FALSE
	EndGlobalSection
	GlobalSection(ExtensibilityGlobals) = postSolution
		SolutionGuid = {CA172D87-467C-4F8C-AD0C-6CA653B522FC}
	EndGlobalSection
EndGlobal
